
Microsoft Visual Studio Solution File, Format Version 12.00
# Visual Studio Version 17
VisualStudioVersion = 17.5.33414.496
MinimumVisualStudioVersion = 10.0.40219.1
Project("{9A19103F-16F7-4668-BE54-9A1E7A4F7556}") = "F3N.Hoard", "F3N.Hoard\F3N.Hoard.csproj", "{5937D967-7706-4E26-8673-83DB9B99D41A}"
EndProject
Project("{9A19103F-16F7-4668-BE54-9A1E7A4F7556}") = "Hoard.Tests", "Hoard.Tests\Hoard.Tests.csproj", "{40D4E7D8-9302-4F15-BAB1-1089312624C0}"
EndProject
Project("{2150E333-8FDC-42A3-9474-1A3956D46DE8}") = "Solution Items", "Solution Items", "{77A5E88A-75C7-4041-A962-98CE81367E98}"
	ProjectSection(SolutionItems) = preProject
		.github\workflows\dotnet-core.yml = .github\workflows\dotnet-core.yml
		global.json = global.json
		README.md = README.md
	EndProjectSection
EndProject
Project("{2150E333-8FDC-42A3-9474-1A3956D46DE8}") = "Samples", "Samples", "{9D5E6CC0-198D-46C9-A546-310F38D1B825}"
EndProject
Project("{2150E333-8FDC-42A3-9474-1A3956D46DE8}") = "Blazor", "Blazor", "{EE1D6EFC-4E9E-4093-B5B5-49438864EC04}"
EndProject
Project("{9A19103F-16F7-4668-BE54-9A1E7A4F7556}") = "Hoard.SampleLogic", "Samples\Blazor\Hoard.SampleLogic\Hoard.SampleLogic.csproj", "{A7DD2928-82B7-4411-8F38-63B63CBB6177}"
EndProject
Project("{9A19103F-16F7-4668-BE54-9A1E7A4F7556}") = "Hoard.SampleWeb", "Samples\Blazor\Hoard.SampleWeb\Hoard.SampleWeb.csproj", "{D2093CFD-38CB-4ED7-AB88-308E912E0480}"
EndProject
Project("{9A19103F-16F7-4668-BE54-9A1E7A4F7556}") = "F3N.Hoard.BlazorServerStorage", "F3N.Hoard.BlazorServerStorage\F3N.Hoard.BlazorServerStorage.csproj", "{70807138-42BB-45AB-8E47-BDC4300F5D54}"
EndProject
Project("{9A19103F-16F7-4668-BE54-9A1E7A4F7556}") = "F3N.Hoard.Sqlite", "F3N.Hoard.Sqlite\F3N.Hoard.Sqlite.csproj", "{8D7C2F47-DDAA-4308-9F53-74428CA71B91}"
EndProject
Project("{9A19103F-16F7-4668-BE54-9A1E7A4F7556}") = "Hoard.SampleWASM", "Samples\Blazor\Hoard.SampleWASM\Hoard.SampleWASM.csproj", "{AF051D26-4AEA-470A-B44F-82536A553D5F}"
EndProject
Project("{9A19103F-16F7-4668-BE54-9A1E7A4F7556}") = "F3N.Hoard.BlazorWasmStorage", "F3N.Hoard.BlazorWasmStorage\F3N.Hoard.BlazorWasmStorage.csproj", "{04579D9F-10E9-4A0F-9DD9-76484D000554}"
EndProject
Global
	GlobalSection(SolutionConfigurationPlatforms) = preSolution
		Debug|Any CPU = Debug|Any CPU
		Debug|iPhone = Debug|iPhone
		Debug|iPhoneSimulator = Debug|iPhoneSimulator
		Release|Any CPU = Release|Any CPU
		Release|iPhone = Release|iPhone
		Release|iPhoneSimulator = Release|iPhoneSimulator
	EndGlobalSection
	GlobalSection(ProjectConfigurationPlatforms) = postSolution
		{5937D967-7706-4E26-8673-83DB9B99D41A}.Debug|Any CPU.ActiveCfg = Debug|Any CPU
		{5937D967-7706-4E26-8673-83DB9B99D41A}.Debug|Any CPU.Build.0 = Debug|Any CPU
		{5937D967-7706-4E26-8673-83DB9B99D41A}.Debug|iPhone.ActiveCfg = Debug|Any CPU
		{5937D967-7706-4E26-8673-83DB9B99D41A}.Debug|iPhone.Build.0 = Debug|Any CPU
		{5937D967-7706-4E26-8673-83DB9B99D41A}.Debug|iPhoneSimulator.ActiveCfg = Debug|Any CPU
		{5937D967-7706-4E26-8673-83DB9B99D41A}.Debug|iPhoneSimulator.Build.0 = Debug|Any CPU
		{5937D967-7706-4E26-8673-83DB9B99D41A}.Release|Any CPU.ActiveCfg = Release|Any CPU
		{5937D967-7706-4E26-8673-83DB9B99D41A}.Release|Any CPU.Build.0 = Release|Any CPU
		{5937D967-7706-4E26-8673-83DB9B99D41A}.Release|iPhone.ActiveCfg = Release|Any CPU
		{5937D967-7706-4E26-8673-83DB9B99D41A}.Release|iPhone.Build.0 = Release|Any CPU
		{5937D967-7706-4E26-8673-83DB9B99D41A}.Release|iPhoneSimulator.ActiveCfg = Release|Any CPU
		{5937D967-7706-4E26-8673-83DB9B99D41A}.Release|iPhoneSimulator.Build.0 = Release|Any CPU
		{40D4E7D8-9302-4F15-BAB1-1089312624C0}.Debug|Any CPU.ActiveCfg = Debug|Any CPU
		{40D4E7D8-9302-4F15-BAB1-1089312624C0}.Debug|Any CPU.Build.0 = Debug|Any CPU
		{40D4E7D8-9302-4F15-BAB1-1089312624C0}.Debug|iPhone.ActiveCfg = Debug|Any CPU
		{40D4E7D8-9302-4F15-BAB1-1089312624C0}.Debug|iPhone.Build.0 = Debug|Any CPU
		{40D4E7D8-9302-4F15-BAB1-1089312624C0}.Debug|iPhoneSimulator.ActiveCfg = Debug|Any CPU
		{40D4E7D8-9302-4F15-BAB1-1089312624C0}.Debug|iPhoneSimulator.Build.0 = Debug|Any CPU
		{40D4E7D8-9302-4F15-BAB1-1089312624C0}.Release|Any CPU.ActiveCfg = Release|Any CPU
		{40D4E7D8-9302-4F15-BAB1-1089312624C0}.Release|Any CPU.Build.0 = Release|Any CPU
		{40D4E7D8-9302-4F15-BAB1-1089312624C0}.Release|iPhone.ActiveCfg = Release|Any CPU
		{40D4E7D8-9302-4F15-BAB1-1089312624C0}.Release|iPhone.Build.0 = Release|Any CPU
		{40D4E7D8-9302-4F15-BAB1-1089312624C0}.Release|iPhoneSimulator.ActiveCfg = Release|Any CPU
		{40D4E7D8-9302-4F15-BAB1-1089312624C0}.Release|iPhoneSimulator.Build.0 = Release|Any CPU
		{A7DD2928-82B7-4411-8F38-63B63CBB6177}.Debug|Any CPU.ActiveCfg = Debug|Any CPU
		{A7DD2928-82B7-4411-8F38-63B63CBB6177}.Debug|Any CPU.Build.0 = Debug|Any CPU
		{A7DD2928-82B7-4411-8F38-63B63CBB6177}.Debug|iPhone.ActiveCfg = Debug|Any CPU
		{A7DD2928-82B7-4411-8F38-63B63CBB6177}.Debug|iPhone.Build.0 = Debug|Any CPU
		{A7DD2928-82B7-4411-8F38-63B63CBB6177}.Debug|iPhoneSimulator.ActiveCfg = Debug|Any CPU
		{A7DD2928-82B7-4411-8F38-63B63CBB6177}.Debug|iPhoneSimulator.Build.0 = Debug|Any CPU
		{A7DD2928-82B7-4411-8F38-63B63CBB6177}.Release|Any CPU.ActiveCfg = Release|Any CPU
		{A7DD2928-82B7-4411-8F38-63B63CBB6177}.Release|Any CPU.Build.0 = Release|Any CPU
		{A7DD2928-82B7-4411-8F38-63B63CBB6177}.Release|iPhone.ActiveCfg = Release|Any CPU
		{A7DD2928-82B7-4411-8F38-63B63CBB6177}.Release|iPhone.Build.0 = Release|Any CPU
		{A7DD2928-82B7-4411-8F38-63B63CBB6177}.Release|iPhoneSimulator.ActiveCfg = Release|Any CPU
		{A7DD2928-82B7-4411-8F38-63B63CBB6177}.Release|iPhoneSimulator.Build.0 = Release|Any CPU
		{D2093CFD-38CB-4ED7-AB88-308E912E0480}.Debug|Any CPU.ActiveCfg = Debug|Any CPU
		{D2093CFD-38CB-4ED7-AB88-308E912E0480}.Debug|Any CPU.Build.0 = Debug|Any CPU
		{D2093CFD-38CB-4ED7-AB88-308E912E0480}.Debug|iPhone.ActiveCfg = Debug|Any CPU
		{D2093CFD-38CB-4ED7-AB88-308E912E0480}.Debug|iPhone.Build.0 = Debug|Any CPU
		{D2093CFD-38CB-4ED7-AB88-308E912E0480}.Debug|iPhoneSimulator.ActiveCfg = Debug|Any CPU
		{D2093CFD-38CB-4ED7-AB88-308E912E0480}.Debug|iPhoneSimulator.Build.0 = Debug|Any CPU
		{D2093CFD-38CB-4ED7-AB88-308E912E0480}.Release|Any CPU.ActiveCfg = Release|Any CPU
		{D2093CFD-38CB-4ED7-AB88-308E912E0480}.Release|Any CPU.Build.0 = Release|Any CPU
		{D2093CFD-38CB-4ED7-AB88-308E912E0480}.Release|iPhone.ActiveCfg = Release|Any CPU
		{D2093CFD-38CB-4ED7-AB88-308E912E0480}.Release|iPhone.Build.0 = Release|Any CPU
		{D2093CFD-38CB-4ED7-AB88-308E912E0480}.Release|iPhoneSimulator.ActiveCfg = Release|Any CPU
		{D2093CFD-38CB-4ED7-AB88-308E912E0480}.Release|iPhoneSimulator.Build.0 = Release|Any CPU
		{70807138-42BB-45AB-8E47-BDC4300F5D54}.Debug|Any CPU.ActiveCfg = Debug|Any CPU
		{70807138-42BB-45AB-8E47-BDC4300F5D54}.Debug|Any CPU.Build.0 = Debug|Any CPU
		{70807138-42BB-45AB-8E47-BDC4300F5D54}.Debug|iPhone.ActiveCfg = Debug|Any CPU
		{70807138-42BB-45AB-8E47-BDC4300F5D54}.Debug|iPhone.Build.0 = Debug|Any CPU
		{70807138-42BB-45AB-8E47-BDC4300F5D54}.Debug|iPhoneSimulator.ActiveCfg = Debug|Any CPU
		{70807138-42BB-45AB-8E47-BDC4300F5D54}.Debug|iPhoneSimulator.Build.0 = Debug|Any CPU
		{70807138-42BB-45AB-8E47-BDC4300F5D54}.Release|Any CPU.ActiveCfg = Release|Any CPU
		{70807138-42BB-45AB-8E47-BDC4300F5D54}.Release|Any CPU.Build.0 = Release|Any CPU
		{70807138-42BB-45AB-8E47-BDC4300F5D54}.Release|iPhone.ActiveCfg = Release|Any CPU
		{70807138-42BB-45AB-8E47-BDC4300F5D54}.Release|iPhone.Build.0 = Release|Any CPU
		{70807138-42BB-45AB-8E47-BDC4300F5D54}.Release|iPhoneSimulator.ActiveCfg = Release|Any CPU
		{70807138-42BB-45AB-8E47-BDC4300F5D54}.Release|iPhoneSimulator.Build.0 = Release|Any CPU
		{8D7C2F47-DDAA-4308-9F53-74428CA71B91}.Debug|Any CPU.ActiveCfg = Debug|Any CPU
		{8D7C2F47-DDAA-4308-9F53-74428CA71B91}.Debug|Any CPU.Build.0 = Debug|Any CPU
		{8D7C2F47-DDAA-4308-9F53-74428CA71B91}.Debug|iPhone.ActiveCfg = Debug|Any CPU
		{8D7C2F47-DDAA-4308-9F53-74428CA71B91}.Debug|iPhone.Build.0 = Debug|Any CPU
		{8D7C2F47-DDAA-4308-9F53-74428CA71B91}.Debug|iPhoneSimulator.ActiveCfg = Debug|Any CPU
		{8D7C2F47-DDAA-4308-9F53-74428CA71B91}.Debug|iPhoneSimulator.Build.0 = Debug|Any CPU
		{8D7C2F47-DDAA-4308-9F53-74428CA71B91}.Release|Any CPU.ActiveCfg = Release|Any CPU
		{8D7C2F47-DDAA-4308-9F53-74428CA71B91}.Release|Any CPU.Build.0 = Release|Any CPU
		{8D7C2F47-DDAA-4308-9F53-74428CA71B91}.Release|iPhone.ActiveCfg = Release|Any CPU
		{8D7C2F47-DDAA-4308-9F53-74428CA71B91}.Release|iPhone.Build.0 = Release|Any CPU
		{8D7C2F47-DDAA-4308-9F53-74428CA71B91}.Release|iPhoneSimulator.ActiveCfg = Release|Any CPU
		{8D7C2F47-DDAA-4308-9F53-74428CA71B91}.Release|iPhoneSimulator.Build.0 = Release|Any CPU
		{AF051D26-4AEA-470A-B44F-82536A553D5F}.Debug|Any CPU.ActiveCfg = Debug|Any CPU
		{AF051D26-4AEA-470A-B44F-82536A553D5F}.Debug|Any CPU.Build.0 = Debug|Any CPU
		{AF051D26-4AEA-470A-B44F-82536A553D5F}.Debug|iPhone.ActiveCfg = Debug|Any CPU
		{AF051D26-4AEA-470A-B44F-82536A553D5F}.Debug|iPhone.Build.0 = Debug|Any CPU
		{AF051D26-4AEA-470A-B44F-82536A553D5F}.Debug|iPhoneSimulator.ActiveCfg = Debug|Any CPU
		{AF051D26-4AEA-470A-B44F-82536A553D5F}.Debug|iPhoneSimulator.Build.0 = Debug|Any CPU
		{AF051D26-4AEA-470A-B44F-82536A553D5F}.Release|Any CPU.ActiveCfg = Release|Any CPU
		{AF051D26-4AEA-470A-B44F-82536A553D5F}.Release|Any CPU.Build.0 = Release|Any CPU
		{AF051D26-4AEA-470A-B44F-82536A553D5F}.Release|iPhone.ActiveCfg = Release|Any CPU
		{AF051D26-4AEA-470A-B44F-82536A553D5F}.Release|iPhone.Build.0 = Release|Any CPU
		{AF051D26-4AEA-470A-B44F-82536A553D5F}.Release|iPhoneSimulator.ActiveCfg = Release|Any CPU
		{AF051D26-4AEA-470A-B44F-82536A553D5F}.Release|iPhoneSimulator.Build.0 = Release|Any CPU
		{04579D9F-10E9-4A0F-9DD9-76484D000554}.Debug|Any CPU.ActiveCfg = Debug|Any CPU
		{04579D9F-10E9-4A0F-9DD9-76484D000554}.Debug|Any CPU.Build.0 = Debug|Any CPU
		{04579D9F-10E9-4A0F-9DD9-76484D000554}.Debug|iPhone.ActiveCfg = Debug|Any CPU
		{04579D9F-10E9-4A0F-9DD9-76484D000554}.Debug|iPhone.Build.0 = Debug|Any CPU
		{04579D9F-10E9-4A0F-9DD9-76484D000554}.Debug|iPhoneSimulator.ActiveCfg = Debug|Any CPU
		{04579D9F-10E9-4A0F-9DD9-76484D000554}.Debug|iPhoneSimulator.Build.0 = Debug|Any CPU
		{04579D9F-10E9-4A0F-9DD9-76484D000554}.Release|Any CPU.ActiveCfg = Release|Any CPU
		{04579D9F-10E9-4A0F-9DD9-76484D000554}.Release|Any CPU.Build.0 = Release|Any CPU
		{04579D9F-10E9-4A0F-9DD9-76484D000554}.Release|iPhone.ActiveCfg = Release|Any CPU
		{04579D9F-10E9-4A0F-9DD9-76484D000554}.Release|iPhone.Build.0 = Release|Any CPU
		{04579D9F-10E9-4A0F-9DD9-76484D000554}.Release|iPhoneSimulator.ActiveCfg = Release|Any CPU
		{04579D9F-10E9-4A0F-9DD9-76484D000554}.Release|iPhoneSimulator.Build.0 = Release|Any CPU
	EndGlobalSection
	GlobalSection(SolutionProperties) = preSolution
		HideSolutionNode = FALSE
	EndGlobalSection
	GlobalSection(NestedProjects) = preSolution
		{EE1D6EFC-4E9E-4093-B5B5-49438864EC04} = {9D5E6CC0-198D-46C9-A546-310F38D1B825}
		{A7DD2928-82B7-4411-8F38-63B63CBB6177} = {EE1D6EFC-4E9E-4093-B5B5-49438864EC04}
		{D2093CFD-38CB-4ED7-AB88-308E912E0480} = {EE1D6EFC-4E9E-4093-B5B5-49438864EC04}
		{AF051D26-4AEA-470A-B44F-82536A553D5F} = {EE1D6EFC-4E9E-4093-B5B5-49438864EC04}
	EndGlobalSection
	GlobalSection(ExtensibilityGlobals) = postSolution
		SolutionGuid = {245F9654-FFC6-4BCA-A270-3A5E74BE8A34}
	EndGlobalSection
EndGlobal
